
Microsoft Visual Studio Solution File, Format Version 12.00
# Visual Studio Version 17
VisualStudioVersion = 17.9.34616.47
MinimumVisualStudioVersion = 10.0.40219.1
Project("{9A19103F-16F7-4668-BE54-9A1E7A4F7556}") = "RoostCare", "RoostCare\RoostCare.csproj", "{D9A34E6A-2A40-4237-8923-114355AE5131}"
EndProject
Global
	GlobalSection(SolutionConfigurationPlatforms) = preSolution
		Debug|Any CPU = Debug|Any CPU
		Release|Any CPU = Release|Any CPU
	EndGlobalSection
	GlobalSection(ProjectConfigurationPlatforms) = postSolution
		{D9A34E6A-2A40-4237-8923-114355AE5131}.Debug|Any CPU.ActiveCfg = Debug|Any CPU
		{D9A34E6A-2A40-4237-8923-114355AE5131}.Debug|Any CPU.Build.0 = Debug|Any CPU
		{D9A34E6A-2A40-4237-8923-114355AE5131}.Release|Any CPU.ActiveCfg = Release|Any CPU
		{D9A34E6A-2A40-4237-8923-114355AE5131}.Release|Any CPU.Build.0 = Release|Any CPU
	EndGlobalSection
	GlobalSection(SolutionProperties) = preSolution
		HideSolutionNode = FALSE
	EndGlobalSection
	GlobalSection(ExtensibilityGlobals) = postSolution
		SolutionGuid = {CD432A10-1862-48EA-95AC-04B65F771E36}
	EndGlobalSection
EndGlobal
